
Microsoft Visual Studio Solution File, Format Version 12.00
# Visual Studio Version 17
VisualStudioVersion = 17.5.002.0
MinimumVisualStudioVersion = 10.0.40219.1
Project("{9A19103F-16F7-4668-BE54-9A1E7A4F7556}") = "DesafioFundamentos", "DesafioFundamentos\DesafioFundamentos.csproj", "{EFA46DFB-6149-485D-8E34-1A6B41968381}"
EndProject
Global
	GlobalSection(SolutionConfigurationPlatforms) = preSolution
		Debug|Any CPU = Debug|Any CPU
		Release|Any CPU = Release|Any CPU
	EndGlobalSection
	GlobalSection(ProjectConfigurationPlatforms) = postSolution
		{EFA46DFB-6149-485D-8E34-1A6B41968381}.Debug|Any CPU.ActiveCfg = Debug|Any CPU
		{EFA46DFB-6149-485D-8E34-1A6B41968381}.Debug|Any CPU.Build.0 = Debug|Any CPU
		{EFA46DFB-6149-485D-8E34-1A6B41968381}.Release|Any CPU.ActiveCfg = Release|Any CPU
		{EFA46DFB-6149-485D-8E34-1A6B41968381}.Release|Any CPU.Build.0 = Release|Any CPU
	EndGlobalSection
	GlobalSection(SolutionProperties) = preSolution
		HideSolutionNode = FALSE
	EndGlobalSection
	GlobalSection(ExtensibilityGlobals) = postSolution
		SolutionGuid = {109380E3-AE6F-44A5-8483-0CFE0EBF4BEB}
	EndGlobalSection
EndGlobal
